// !$*UTF8*$!
{
	archiveVersion = 1;
	classes = {
	};
	objectVersion = 46;
	objects = {

/* Begin PBXBuildFile section */
		CDAA84B41CBBF44D00628296 /* AppDelegate.swift in Sources */ = {isa = PBXBuildFile; fileRef = CDAA84B31CBBF44D00628296 /* AppDelegate.swift */; };
		CDAA84B91CBBF44D00628296 /* Main.storyboard in Resources */ = {isa = PBXBuildFile; fileRef = CDAA84B71CBBF44D00628296 /* Main.storyboard */; };
		CDAA84BB1CBBF44D00628296 /* Assets.xcassets in Resources */ = {isa = PBXBuildFile; fileRef = CDAA84BA1CBBF44D00628296 /* Assets.xcassets */; };
		CDAA84BE1CBBF44D00628296 /* LaunchScreen.storyboard in Resources */ = {isa = PBXBuildFile; fileRef = CDAA84BC1CBBF44D00628296 /* LaunchScreen.storyboard */; };
		CDAA84C91CBBF44E00628296 /* CarouselEffectTests.swift in Sources */ = {isa = PBXBuildFile; fileRef = CDAA84C81CBBF44E00628296 /* CarouselEffectTests.swift */; };
		CDAA84D41CBBF44E00628296 /* CarouselEffectUITests.swift in Sources */ = {isa = PBXBuildFile; fileRef = CDAA84D31CBBF44E00628296 /* CarouselEffectUITests.swift */; };
		CDAA84E41CBBF4F000628296 /* Interest.swift in Sources */ = {isa = PBXBuildFile; fileRef = CDAA84E11CBBF4F000628296 /* Interest.swift */; };
		CDAA84E51CBBF4F000628296 /* InterestCell.swift in Sources */ = {isa = PBXBuildFile; fileRef = CDAA84E21CBBF4F000628296 /* InterestCell.swift */; };
		CDAA84E61CBBF4F000628296 /* ViewController.swift in Sources */ = {isa = PBXBuildFile; fileRef = CDAA84E31CBBF4F000628296 /* ViewController.swift */; };
/* End PBXBuildFile section */

/* Begin PBXContainerItemProxy section */
		CDAA84C51CBBF44E00628296 /* PBXContainerItemProxy */ = {
			isa = PBXContainerItemProxy;
			containerPortal = CDAA84A81CBBF44D00628296 /* Project object */;
			proxyType = 1;
			remoteGlobalIDString = CDAA84AF1CBBF44D00628296;
			remoteInfo = CarouselEffect;
		};
		CDAA84D01CBBF44E00628296 /* PBXContainerItemProxy */ = {
			isa = PBXContainerItemProxy;
			containerPortal = CDAA84A81CBBF44D00628296 /* Project object */;
			proxyType = 1;
			remoteGlobalIDString = CDAA84AF1CBBF44D00628296;
			remoteInfo = CarouselEffect;
		};
/* End PBXContainerItemProxy section */

/* Begin PBXFileReference section */
		CDAA84B01CBBF44D00628296 /* CarouselEffect.app */ = {isa = PBXFileReference; explicitFileType = wrapper.application; includeInIndex = 0; path = CarouselEffect.app; sourceTree = BUILT_PRODUCTS_DIR; };
		CDAA84B31CBBF44D00628296 /* AppDelegate.swift */ = {isa = PBXFileReference; lastKnownFileType = sourcecode.swift; path = AppDelegate.swift; sourceTree = "<group>"; };
		CDAA84B81CBBF44D00628296 /* Base */ = {isa = PBXFileReference; lastKnownFileType = file.storyboard; name = Base; path = Base.lproj/Main.storyboard; sourceTree = "<group>"; };
		CDAA84BA1CBBF44D00628296 /* Assets.xcassets */ = {isa = PBXFileReference; lastKnownFileType = folder.assetcatalog; path = Assets.xcassets; sourceTree = "<group>"; };
		CDAA84BD1CBBF44D00628296 /* Base */ = {isa = PBXFileReference; lastKnownFileType = file.storyboard; name = Base; path = Base.lproj/LaunchScreen.storyboard; sourceTree = "<group>"; };
		CDAA84BF1CBBF44D00628296 /* Info.plist */ = {isa = PBXFileReference; lastKnownFileType = text.plist.xml; path = Info.plist; sourceTree = "<group>"; };
		CDAA84C41CBBF44E00628296 /* CarouselEffectTests.xctest */ = {isa = PBXFileReference; explicitFileType = wrapper.cfbundle; includeInIndex = 0; path = CarouselEffectTests.xctest; sourceTree = BUILT_PRODUCTS_DIR; };
		CDAA84C81CBBF44E00628296 /* CarouselEffectTests.swift */ = {isa = PBXFileReference; lastKnownFileType = sourcecode.swift; path = CarouselEffectTests.swift; sourceTree = "<group>"; };
		CDAA84CA1CBBF44E00628296 /* Info.plist */ = {isa = PBXFileReference; lastKnownFileType = text.plist.xml; path = Info.plist; sourceTree = "<group>"; };
		CDAA84CF1CBBF44E00628296 /* CarouselEffectUITests.xctest */ = {isa = PBXFileReference; explicitFileType = wrapper.cfbundle; includeInIndex = 0; path = CarouselEffectUITests.xctest; sourceTree = BUILT_PRODUCTS_DIR; };
		CDAA84D31CBBF44E00628296 /* CarouselEffectUITests.swift */ = {isa = PBXFileReference; lastKnownFileType = sourcecode.swift; path = CarouselEffectUITests.swift; sourceTree = "<group>"; };
		CDAA84D51CBBF44E00628296 /* Info.plist */ = {isa = PBXFileReference; lastKnownFileType = text.plist.xml; path = Info.plist; sourceTree = "<group>"; };
		CDAA84E11CBBF4F000628296 /* Interest.swift */ = {isa = PBXFileReference; fileEncoding = 4; lastKnownFileType = sourcecode.swift; path = Interest.swift; sourceTree = "<group>"; };
		CDAA84E21CBBF4F000628296 /* InterestCell.swift */ = {isa = PBXFileReference; fileEncoding = 4; lastKnownFileType = sourcecode.swift; path = InterestCell.swift; sourceTree = "<group>"; };
		CDAA84E31CBBF4F000628296 /* ViewController.swift */ = {isa = PBXFileReference; fileEncoding = 4; lastKnownFileType = sourcecode.swift; path = ViewController.swift; sourceTree = "<group>"; };
/* End PBXFileReference section */

/* Begin PBXFrameworksBuildPhase section */
		CDAA84AD1CBBF44D00628296 /* Frameworks */ = {
			isa = PBXFrameworksBuildPhase;
			buildActionMask = 2147483647;
			files = (
			);
			runOnlyForDeploymentPostprocessing = 0;
		};
		CDAA84C11CBBF44E00628296 /* Frameworks */ = {
			isa = PBXFrameworksBuildPhase;
			buildActionMask = 2147483647;
			files = (
			);
			runOnlyForDeploymentPostprocessing = 0;
		};
		CDAA84CC1CBBF44E00628296 /* Frameworks */ = {
			isa = PBXFrameworksBuildPhase;
			buildActionMask = 2147483647;
			files = (
			);
			runOnlyForDeploymentPostprocessing = 0;
		};
/* End PBXFrameworksBuildPhase section */

/* Begin PBXGroup section */
		CDAA84A71CBBF44D00628296 = {
			isa = PBXGroup;
			children = (
				CDAA84B21CBBF44D00628296 /* CarouselEffect */,
				CDAA84C71CBBF44E00628296 /* CarouselEffectTests */,
				CDAA84D21CBBF44E00628296 /* CarouselEffectUITests */,
				CDAA84B11CBBF44D00628296 /* Products */,
			);
			sourceTree = "<group>";
		};
		CDAA84B11CBBF44D00628296 /* Products */ = {
			isa = PBXGroup;
			children = (
				CDAA84B01CBBF44D00628296 /* CarouselEffect.app */,
				CDAA84C41CBBF44E00628296 /* CarouselEffectTests.xctest */,
				CDAA84CF1CBBF44E00628296 /* CarouselEffectUITests.xctest */,
			);
			name = Products;
			sourceTree = "<group>";
		};
		CDAA84B21CBBF44D00628296 /* CarouselEffect */ = {
			isa = PBXGroup;
			children = (
				CDAA84B31CBBF44D00628296 /* AppDelegate.swift */,
				CDAA84E11CBBF4F000628296 /* Interest.swift */,
				CDAA84E21CBBF4F000628296 /* InterestCell.swift */,
				CDAA84E31CBBF4F000628296 /* ViewController.swift */,
				CDAA84B71CBBF44D00628296 /* Main.storyboard */,
				CDAA84BA1CBBF44D00628296 /* Assets.xcassets */,
				CDAA84BC1CBBF44D00628296 /* LaunchScreen.storyboard */,
				CDAA84BF1CBBF44D00628296 /* Info.plist */,
			);
			path = CarouselEffect;
			sourceTree = "<group>";
		};
		CDAA84C71CBBF44E00628296 /* CarouselEffectTests */ = {
			isa = PBXGroup;
			children = (
				CDAA84C81CBBF44E00628296 /* CarouselEffectTests.swift */,
				CDAA84CA1CBBF44E00628296 /* Info.plist */,
			);
			path = CarouselEffectTests;
			sourceTree = "<group>";
		};
		CDAA84D21CBBF44E00628296 /* CarouselEffectUITests */ = {
			isa = PBXGroup;
			children = (
				CDAA84D31CBBF44E00628296 /* CarouselEffectUITests.swift */,
				CDAA84D51CBBF44E00628296 /* Info.plist */,
			);
			path = CarouselEffectUITests;
			sourceTree = "<group>";
		};
/* End PBXGroup section */

/* Begin PBXNativeTarget section */
		CDAA84AF1CBBF44D00628296 /* CarouselEffect */ = {
			isa = PBXNativeTarget;
			buildConfigurationList = CDAA84D81CBBF44E00628296 /* Build configuration list for PBXNativeTarget "CarouselEffect" */;
			buildPhases = (
				CDAA84AC1CBBF44D00628296 /* Sources */,
				CDAA84AD1CBBF44D00628296 /* Frameworks */,
				CDAA84AE1CBBF44D00628296 /* Resources */,
			);
			buildRules = (
			);
			dependencies = (
			);
			name = CarouselEffect;
			productName = CarouselEffect;
			productReference = CDAA84B01CBBF44D00628296 /* CarouselEffect.app */;
			productType = "com.apple.product-type.application";
		};
		CDAA84C31CBBF44E00628296 /* CarouselEffectTests */ = {
			isa = PBXNativeTarget;
			buildConfigurationList = CDAA84DB1CBBF44E00628296 /* Build configuration list for PBXNativeTarget "CarouselEffectTests" */;
			buildPhases = (
				CDAA84C01CBBF44E00628296 /* Sources */,
				CDAA84C11CBBF44E00628296 /* Frameworks */,
				CDAA84C21CBBF44E00628296 /* Resources */,
			);
			buildRules = (
			);
			dependencies = (
				CDAA84C61CBBF44E00628296 /* PBXTargetDependency */,
			);
			name = CarouselEffectTests;
			productName = CarouselEffectTests;
			productReference = CDAA84C41CBBF44E00628296 /* CarouselEffectTests.xctest */;
			productType = "com.apple.product-type.bundle.unit-test";
		};
		CDAA84CE1CBBF44E00628296 /* CarouselEffectUITests */ = {
			isa = PBXNativeTarget;
			buildConfigurationList = CDAA84DE1CBBF44E00628296 /* Build configuration list for PBXNativeTarget "CarouselEffectUITests" */;
			buildPhases = (
				CDAA84CB1CBBF44E00628296 /* Sources */,
				CDAA84CC1CBBF44E00628296 /* Frameworks */,
				CDAA84CD1CBBF44E00628296 /* Resources */,
			);
			buildRules = (
			);
			dependencies = (
				CDAA84D11CBBF44E00628296 /* PBXTargetDependency */,
			);
			name = CarouselEffectUITests;
			productName = CarouselEffectUITests;
			productReference = CDAA84CF1CBBF44E00628296 /* CarouselEffectUITests.xctest */;
			productType = "com.apple.product-type.bundle.ui-testing";
		};
/* End PBXNativeTarget section */

/* Begin PBXProject section */
		CDAA84A81CBBF44D00628296 /* Project object */ = {
			isa = PBXProject;
			attributes = {
				LastSwiftUpdateCheck = 0720;
				LastUpgradeCheck = 0720;
				ORGANIZATIONNAME = CoderYLiu;
				TargetAttributes = {
					CDAA84AF1CBBF44D00628296 = {
						CreatedOnToolsVersion = 7.2;
						DevelopmentTeam = 342VP95RM8;
					};
					CDAA84C31CBBF44E00628296 = {
						CreatedOnToolsVersion = 7.2;
						DevelopmentTeam = 342VP95RM8;
						TestTargetID = CDAA84AF1CBBF44D00628296;
					};
					CDAA84CE1CBBF44E00628296 = {
						CreatedOnToolsVersion = 7.2;
						DevelopmentTeam = 342VP95RM8;
						TestTargetID = CDAA84AF1CBBF44D00628296;
					};
				};
			};
			buildConfigurationList = CDAA84AB1CBBF44D00628296 /* Build configuration list for PBXProject "CarouselEffect" */;
			compatibilityVersion = "Xcode 3.2";
			developmentRegion = English;
			hasScannedForEncodings = 0;
			knownRegions = (
				en,
				Base,
			);
			mainGroup = CDAA84A71CBBF44D00628296;
			productRefGroup = CDAA84B11CBBF44D00628296 /* Products */;
			projectDirPath = "";
			projectRoot = "";
			targets = (
				CDAA84AF1CBBF44D00628296 /* CarouselEffect */,
				CDAA84C31CBBF44E00628296 /* CarouselEffectTests */,
				CDAA84CE1CBBF44E00628296 /* CarouselEffectUITests */,
			);
		};
/* End PBXProject section */

/* Begin PBXResourcesBuildPhase section */
		CDAA84AE1CBBF44D00628296 /* Resources */ = {
			isa = PBXResourcesBuildPhase;
			buildActionMask = 2147483647;
			files = (
				CDAA84BE1CBBF44D00628296 /* LaunchScreen.storyboard in Resources */,
				CDAA84BB1CBBF44D00628296 /* Assets.xcassets in Resources */,
				CDAA84B91CBBF44D00628296 /* Main.storyboard in Resources */,
			);
			runOnlyForDeploymentPostprocessing = 0;
		};
		CDAA84C21CBBF44E00628296 /* Resources */ = {
			isa = PBXResourcesBuildPhase;
			buildActionMask = 2147483647;
			files = (
			);
			runOnlyForDeploymentPostprocessing = 0;
		};
		CDAA84CD1CBBF44E00628296 /* Resources */ = {
			isa = PBXResourcesBuildPhase;
			buildActionMask = 2147483647;
			files = (
			);
			runOnlyForDeploymentPostprocessing = 0;
		};
/* End PBXResourcesBuildPhase section */

/* Begin PBXSourcesBuildPhase section */
		CDAA84AC1CBBF44D00628296 /* Sources */ = {
			isa = PBXSourcesBuildPhase;
			buildActionMask = 2147483647;
			files = (
				CDAA84B41CBBF44D00628296 /* AppDelegate.swift in Sources */,
				CDAA84E51CBBF4F000628296 /* InterestCell.swift in Sources */,
				CDAA84E61CBBF4F000628296 /* ViewController.swift in Sources */,
				CDAA84E41CBBF4F000628296 /* Interest.swift in Sources */,
			);
			runOnlyForDeploymentPostprocessing = 0;
		};
		CDAA84C01CBBF44E00628296 /* Sources */ = {
			isa = PBXSourcesBuildPhase;
			buildActionMask = 2147483647;
			files = (
				CDAA84C91CBBF44E00628296 /* CarouselEffectTests.swift in Sources */,
			);
			runOnlyForDeploymentPostprocessing = 0;
		};
		CDAA84CB1CBBF44E00628296 /* Sources */ = {
			isa = PBXSourcesBuildPhase;
			buildActionMask = 2147483647;
			files = (
				CDAA84D41CBBF44E00628296 /* CarouselEffectUITests.swift in Sources */,
			);
			runOnlyForDeploymentPostprocessing = 0;
		};
/* End PBXSourcesBuildPhase section */

/* Begin PBXTargetDependency section */
		CDAA84C61CBBF44E00628296 /* PBXTargetDependency */ = {
			isa = PBXTargetDependency;
			target = CDAA84AF1CBBF44D00628296 /* CarouselEffect */;
			targetProxy = CDAA84C51CBBF44E00628296 /* PBXContainerItemProxy */;
		};
		CDAA84D11CBBF44E00628296 /* PBXTargetDependency */ = {
			isa = PBXTargetDependency;
			target = CDAA84AF1CBBF44D00628296 /* CarouselEffect */;
			targetProxy = CDAA84D01CBBF44E00628296 /* PBXContainerItemProxy */;
		};
/* End PBXTargetDependency section */

/* Begin PBXVariantGroup section */
		CDAA84B71CBBF44D00628296 /* Main.storyboard */ = {
			isa = PBXVariantGroup;
			children = (
				CDAA84B81CBBF44D00628296 /* Base */,
			);
			name = Main.storyboard;
			sourceTree = "<group>";
		};
		CDAA84BC1CBBF44D00628296 /* LaunchScreen.storyboard */ = {
			isa = PBXVariantGroup;
			children = (
				CDAA84BD1CBBF44D00628296 /* Base */,
			);
			name = LaunchScreen.storyboard;
			sourceTree = "<group>";
		};
/* End PBXVariantGroup section */

/* Begin XCBuildConfiguration section */
		CDAA84D61CBBF44E00628296 /* Debug */ = {
			isa = XCBuildConfiguration;
			buildSettings = {
				ALWAYS_SEARCH_USER_PATHS = NO;
				CLANG_CXX_LANGUAGE_STANDARD = "gnu++0x";
				CLANG_CXX_LIBRARY = "libc++";
				CLANG_ENABLE_MODULES = YES;
				CLANG_ENABLE_OBJC_ARC = YES;
				CLANG_WARN_BOOL_CONVERSION = YES;
				CLANG_WARN_CONSTANT_CONVERSION = YES;
				CLANG_WARN_DIRECT_OBJC_ISA_USAGE = YES_ERROR;
				CLANG_WARN_EMPTY_BODY = YES;
				CLANG_WARN_ENUM_CONVERSION = YES;
				CLANG_WARN_INT_CONVERSION = YES;
				CLANG_WARN_OBJC_ROOT_CLASS = YES_ERROR;
				CLANG_WARN_UNREACHABLE_CODE = YES;
				CLANG_WARN__DUPLICATE_METHOD_MATCH = YES;
				"CODE_SIGN_IDENTITY[sdk=iphoneos*]" = "iPhone Developer";
				COPY_PHASE_STRIP = NO;
				DEBUG_INFORMATION_FORMAT = dwarf;
				ENABLE_STRICT_OBJC_MSGSEND = YES;
				ENABLE_TESTABILITY = YES;
				GCC_C_LANGUAGE_STANDARD = gnu99;
				GCC_DYNAMIC_NO_PIC = NO;
				GCC_NO_COMMON_BLOCKS = YES;
				GCC_OPTIMIZATION_LEVEL = 0;
				GCC_PREPROCESSOR_DEFINITIONS = (
					"DEBUG=1",
					"$(inherited)",
				);
				GCC_WARN_64_TO_32_BIT_CONVERSION = YES;
				GCC_WARN_ABOUT_RETURN_TYPE = YES_ERROR;
				GCC_WARN_UNDECLARED_SELECTOR = YES;
				GCC_WARN_UNINITIALIZED_AUTOS = YES_AGGRESSIVE;
				GCC_WARN_UNUSED_FUNCTION = YES;
				GCC_WARN_UNUSED_VARIABLE = YES;
				IPHONEOS_DEPLOYMENT_TARGET = 9.2;
				MTL_ENABLE_DEBUG_INFO = YES;
				ONLY_ACTIVE_ARCH = YES;
				SDKROOT = iphoneos;
				SWIFT_OPTIMIZATION_LEVEL = "-Onone";
			};
			name = Debug;
		};
		CDAA84D71CBBF44E00628296 /* Release */ = {
			isa = XCBuildConfiguration;
			buildSettings = {
				ALWAYS_SEARCH_USER_PATHS = NO;
				CLANG_CXX_LANGUAGE_STANDARD = "gnu++0x";
				CLANG_CXX_LIBRARY = "libc++";
				CLANG_ENABLE_MODULES = YES;
				CLANG_ENABLE_OBJC_ARC = YES;
				CLANG_WARN_BOOL_CONVERSION = YES;
				CLANG_WARN_CONSTANT_CONVERSION = YES;
				CLANG_WARN_DIRECT_OBJC_ISA_USAGE = YES_ERROR;
				CLANG_WARN_EMPTY_BODY = YES;
				CLANG_WARN_ENUM_CONVERSION = YES;
				CLANG_WARN_INT_CONVERSION = YES;
				CLANG_WARN_OBJC_ROOT_CLASS = YES_ERROR;
				CLANG_WARN_UNREACHABLE_CODE = YES;
				CLANG_WARN__DUPLICATE_METHOD_MATCH = YES;
				"CODE_SIGN_IDENTITY[sdk=iphoneos*]" = "iPhone Developer";
				COPY_PHASE_STRIP = NO;
				DEBUG_INFORMATION_FORMAT = "dwarf-with-dsym";
				ENABLE_NS_ASSERTIONS = NO;
				ENABLE_STRICT_OBJC_MSGSEND = YES;
				GCC_C_LANGUAGE_STANDARD = gnu99;
				GCC_NO_COMMON_BLOCKS = YES;
				GCC_WARN_64_TO_32_BIT_CONVERSION = YES;
				GCC_WARN_ABOUT_RETURN_TYPE = YES_ERROR;
				GCC_WARN_UNDECLARED_SELECTOR = YES;
				GCC_WARN_UNINITIALIZED_AUTOS = YES_AGGRESSIVE;
				GCC_WARN_UNUSED_FUNCTION = YES;
				GCC_WARN_UNUSED_VARIABLE = YES;
				IPHONEOS_DEPLOYMENT_TARGET = 9.2;
				MTL_ENABLE_DEBUG_INFO = NO;
				SDKROOT = iphoneos;
				VALIDATE_PRODUCT = YES;
			};
			name = Release;
		};
		CDAA84D91CBBF44E00628296 /* Debug */ = {
			isa = XCBuildConfiguration;
			buildSettings = {
				ASSETCATALOG_COMPILER_APPICON_NAME = AppIcon;
				INFOPLIST_FILE = CarouselEffect/Info.plist;
				LD_RUNPATH_SEARCH_PATHS = "$(inherited) @executable_path/Frameworks";
				PRODUCT_BUNDLE_IDENTIFIER = com.coderly.CarouselEffect;
				PRODUCT_NAME = "$(TARGET_NAME)";
			};
			name = Debug;
		};
		CDAA84DA1CBBF44E00628296 /* Release */ = {
			isa = XCBuildConfiguration;
			buildSettings = {
				ASSETCATALOG_COMPILER_APPICON_NAME = AppIcon;
				INFOPLIST_FILE = CarouselEffect/Info.plist;
				LD_RUNPATH_SEARCH_PATHS = "$(inherited) @executable_path/Frameworks";
				PRODUCT_BUNDLE_IDENTIFIER = com.coderly.CarouselEffect;
				PRODUCT_NAME = "$(TARGET_NAME)";
			};
			name = Release;
		};
		CDAA84DC1CBBF44E00628296 /* Debug */ = {
			isa = XCBuildConfiguration;
			buildSettings = {
				BUNDLE_LOADER = "$(TEST_HOST)";
				INFOPLIST_FILE = CarouselEffectTests/Info.plist;
				LD_RUNPATH_SEARCH_PATHS = "$(inherited) @executable_path/Frameworks @loader_path/Frameworks";
				PRODUCT_BUNDLE_IDENTIFIER = com.coderly.CarouselEffectTests;
				PRODUCT_NAME = "$(TARGET_NAME)";
				TEST_HOST = "$(BUILT_PRODUCTS_DIR)/CarouselEffect.app/CarouselEffect";
			};
			name = Debug;
		};
		CDAA84DD1CBBF44E00628296 /* Release */ = {
			isa = XCBuildConfiguration;
			buildSettings = {
				BUNDLE_LOADER = "$(TEST_HOST)";
				INFOPLIST_FILE = CarouselEffectTests/Info.plist;
				LD_RUNPATH_SEARCH_PATHS = "$(inherited) @executable_path/Frameworks @loader_path/Frameworks";
				PRODUCT_BUNDLE_IDENTIFIER = com.coderly.CarouselEffectTests;
				PRODUCT_NAME = "$(TARGET_NAME)";
				TEST_HOST = "$(BUILT_PRODUCTS_DIR)/CarouselEffect.app/CarouselEffect";
			};
			name = Release;
		};
		CDAA84DF1CBBF44E00628296 /* Debug */ = {
			isa = XCBuildConfiguration;
			buildSettings = {
				INFOPLIST_FILE = CarouselEffectUITests/Info.plist;
				LD_RUNPATH_SEARCH_PATHS = "$(inherited) @executable_path/Frameworks @loader_path/Frameworks";
				PRODUCT_BUNDLE_IDENTIFIER = com.coderly.CarouselEffectUITests;
				PRODUCT_NAME = "$(TARGET_NAME)";
				TEST_TARGET_NAME = CarouselEffect;
				USES_XCTRUNNER = YES;
			};
			name = Debug;
		};
		CDAA84E01CBBF44E00628296 /* Release */ = {
			isa = XCBuildConfiguration;
			buildSettings = {
				INFOPLIST_FILE = CarouselEffectUITests/Info.plist;
				LD_RUNPATH_SEARCH_PATHS = "$(inherited) @executable_path/Frameworks @loader_path/Frameworks";
				PRODUCT_BUNDLE_IDENTIFIER = com.coderly.CarouselEffectUITests;
				PRODUCT_NAME = "$(TARGET_NAME)";
				TEST_TARGET_NAME = CarouselEffect;
				USES_XCTRUNNER = YES;
			};
			name = Release;
		};
/* End XCBuildConfiguration section */

/* Begin XCConfigurationList section */
		CDAA84AB1CBBF44D00628296 /* Build configuration list for PBXProject "CarouselEffect" */ = {
			isa = XCConfigurationList;
			buildConfigurations = (
				CDAA84D61CBBF44E00628296 /* Debug */,
				CDAA84D71CBBF44E00628296 /* Release */,
			);
			defaultConfigurationIsVisible = 0;
			defaultConfigurationName = Release;
		};
		CDAA84D81CBBF44E00628296 /* Build configuration list for PBXNativeTarget "CarouselEffect" */ = {
			isa = XCConfigurationList;
			buildConfigurations = (
				CDAA84D91CBBF44E00628296 /* Debug */,
				CDAA84DA1CBBF44E00628296 /* Release */,
			);
			defaultConfigurationIsVisible = 0;
			defaultConfigurationName = Release;
		};
		CDAA84DB1CBBF44E00628296 /* Build configuration list for PBXNativeTarget "CarouselEffectTests" */ = {
			isa = XCConfigurationList;
			buildConfigurations = (
				CDAA84DC1CBBF44E00628296 /* Debug */,
				CDAA84DD1CBBF44E00628296 /* Release */,
			);
			defaultConfigurationIsVisible = 0;
			defaultConfigurationName = Release;
		};
		CDAA84DE1CBBF44E00628296 /* Build configuration list for PBXNativeTarget "CarouselEffectUITests" */ = {
			isa = XCConfigurationList;
			buildConfigurations = (
				CDAA84DF1CBBF44E00628296 /* Debug */,
				CDAA84E01CBBF44E00628296 /* Release */,
			);
			defaultConfigurationIsVisible = 0;
			defaultConfigurationName = Release;
		};
/* End XCConfigurationList section */
	};
	rootObject = CDAA84A81CBBF44D00628296 /* Project object */;
}
