// !$*UTF8*$!
{
	archiveVersion = 1;
	classes = {
	};
	objectVersion = 46;
	objects = {

/* Begin PBXBuildFile section */
		CD980AD71CC3BAA8001E6BD1 /* AppDelegate.swift in Sources */ = {isa = PBXBuildFile; fileRef = CD980AD61CC3BAA8001E6BD1 /* AppDelegate.swift */; };
		CD980ADC1CC3BAA8001E6BD1 /* Main.storyboard in Resources */ = {isa = PBXBuildFile; fileRef = CD980ADA1CC3BAA8001E6BD1 /* Main.storyboard */; };
		CD980ADE1CC3BAA8001E6BD1 /* Assets.xcassets in Resources */ = {isa = PBXBuildFile; fileRef = CD980ADD1CC3BAA8001E6BD1 /* Assets.xcassets */; };
		CD980AE11CC3BAA8001E6BD1 /* LaunchScreen.storyboard in Resources */ = {isa = PBXBuildFile; fileRef = CD980ADF1CC3BAA8001E6BD1 /* LaunchScreen.storyboard */; };
		CD980AEC1CC3BAA8001E6BD1 /* ClearTableViewCellTests.swift in Sources */ = {isa = PBXBuildFile; fileRef = CD980AEB1CC3BAA8001E6BD1 /* ClearTableViewCellTests.swift */; };
		CD980AF71CC3BAA8001E6BD1 /* ClearTableViewCellUITests.swift in Sources */ = {isa = PBXBuildFile; fileRef = CD980AF61CC3BAA8001E6BD1 /* ClearTableViewCellUITests.swift */; };
		CD980B051CC3C070001E6BD1 /* ClearTableViewController.swift in Sources */ = {isa = PBXBuildFile; fileRef = CD980B041CC3C070001E6BD1 /* ClearTableViewController.swift */; };
		CD980B071CC3C14F001E6BD1 /* TableViewCell.swift in Sources */ = {isa = PBXBuildFile; fileRef = CD980B061CC3C14F001E6BD1 /* TableViewCell.swift */; };
/* End PBXBuildFile section */

/* Begin PBXContainerItemProxy section */
		CD980AE81CC3BAA8001E6BD1 /* PBXContainerItemProxy */ = {
			isa = PBXContainerItemProxy;
			containerPortal = CD980ACB1CC3BAA8001E6BD1 /* Project object */;
			proxyType = 1;
			remoteGlobalIDString = CD980AD21CC3BAA8001E6BD1;
			remoteInfo = ClearTableViewCell;
		};
		CD980AF31CC3BAA8001E6BD1 /* PBXContainerItemProxy */ = {
			isa = PBXContainerItemProxy;
			containerPortal = CD980ACB1CC3BAA8001E6BD1 /* Project object */;
			proxyType = 1;
			remoteGlobalIDString = CD980AD21CC3BAA8001E6BD1;
			remoteInfo = ClearTableViewCell;
		};
/* End PBXContainerItemProxy section */

/* Begin PBXFileReference section */
		CD980AD31CC3BAA8001E6BD1 /* ClearTableViewCell.app */ = {isa = PBXFileReference; explicitFileType = wrapper.application; includeInIndex = 0; path = ClearTableViewCell.app; sourceTree = BUILT_PRODUCTS_DIR; };
		CD980AD61CC3BAA8001E6BD1 /* AppDelegate.swift */ = {isa = PBXFileReference; lastKnownFileType = sourcecode.swift; path = AppDelegate.swift; sourceTree = "<group>"; };
		CD980ADB1CC3BAA8001E6BD1 /* Base */ = {isa = PBXFileReference; lastKnownFileType = file.storyboard; name = Base; path = Base.lproj/Main.storyboard; sourceTree = "<group>"; };
		CD980ADD1CC3BAA8001E6BD1 /* Assets.xcassets */ = {isa = PBXFileReference; lastKnownFileType = folder.assetcatalog; path = Assets.xcassets; sourceTree = "<group>"; };
		CD980AE01CC3BAA8001E6BD1 /* Base */ = {isa = PBXFileReference; lastKnownFileType = file.storyboard; name = Base; path = Base.lproj/LaunchScreen.storyboard; sourceTree = "<group>"; };
		CD980AE21CC3BAA8001E6BD1 /* Info.plist */ = {isa = PBXFileReference; lastKnownFileType = text.plist.xml; path = Info.plist; sourceTree = "<group>"; };
		CD980AE71CC3BAA8001E6BD1 /* ClearTableViewCellTests.xctest */ = {isa = PBXFileReference; explicitFileType = wrapper.cfbundle; includeInIndex = 0; path = ClearTableViewCellTests.xctest; sourceTree = BUILT_PRODUCTS_DIR; };
		CD980AEB1CC3BAA8001E6BD1 /* ClearTableViewCellTests.swift */ = {isa = PBXFileReference; lastKnownFileType = sourcecode.swift; path = ClearTableViewCellTests.swift; sourceTree = "<group>"; };
		CD980AED1CC3BAA8001E6BD1 /* Info.plist */ = {isa = PBXFileReference; lastKnownFileType = text.plist.xml; path = Info.plist; sourceTree = "<group>"; };
		CD980AF21CC3BAA8001E6BD1 /* ClearTableViewCellUITests.xctest */ = {isa = PBXFileReference; explicitFileType = wrapper.cfbundle; includeInIndex = 0; path = ClearTableViewCellUITests.xctest; sourceTree = BUILT_PRODUCTS_DIR; };
		CD980AF61CC3BAA8001E6BD1 /* ClearTableViewCellUITests.swift */ = {isa = PBXFileReference; lastKnownFileType = sourcecode.swift; path = ClearTableViewCellUITests.swift; sourceTree = "<group>"; };
		CD980AF81CC3BAA8001E6BD1 /* Info.plist */ = {isa = PBXFileReference; lastKnownFileType = text.plist.xml; path = Info.plist; sourceTree = "<group>"; };
		CD980B041CC3C070001E6BD1 /* ClearTableViewController.swift */ = {isa = PBXFileReference; fileEncoding = 4; lastKnownFileType = sourcecode.swift; path = ClearTableViewController.swift; sourceTree = "<group>"; };
		CD980B061CC3C14F001E6BD1 /* TableViewCell.swift */ = {isa = PBXFileReference; fileEncoding = 4; lastKnownFileType = sourcecode.swift; path = TableViewCell.swift; sourceTree = "<group>"; };
/* End PBXFileReference section */

/* Begin PBXFrameworksBuildPhase section */
		CD980AD01CC3BAA8001E6BD1 /* Frameworks */ = {
			isa = PBXFrameworksBuildPhase;
			buildActionMask = 2147483647;
			files = (
			);
			runOnlyForDeploymentPostprocessing = 0;
		};
		CD980AE41CC3BAA8001E6BD1 /* Frameworks */ = {
			isa = PBXFrameworksBuildPhase;
			buildActionMask = 2147483647;
			files = (
			);
			runOnlyForDeploymentPostprocessing = 0;
		};
		CD980AEF1CC3BAA8001E6BD1 /* Frameworks */ = {
			isa = PBXFrameworksBuildPhase;
			buildActionMask = 2147483647;
			files = (
			);
			runOnlyForDeploymentPostprocessing = 0;
		};
/* End PBXFrameworksBuildPhase section */

/* Begin PBXGroup section */
		CD980ACA1CC3BAA8001E6BD1 = {
			isa = PBXGroup;
			children = (
				CD980AD51CC3BAA8001E6BD1 /* ClearTableViewCell */,
				CD980AEA1CC3BAA8001E6BD1 /* ClearTableViewCellTests */,
				CD980AF51CC3BAA8001E6BD1 /* ClearTableViewCellUITests */,
				CD980AD41CC3BAA8001E6BD1 /* Products */,
			);
			sourceTree = "<group>";
		};
		CD980AD41CC3BAA8001E6BD1 /* Products */ = {
			isa = PBXGroup;
			children = (
				CD980AD31CC3BAA8001E6BD1 /* ClearTableViewCell.app */,
				CD980AE71CC3BAA8001E6BD1 /* ClearTableViewCellTests.xctest */,
				CD980AF21CC3BAA8001E6BD1 /* ClearTableViewCellUITests.xctest */,
			);
			name = Products;
			sourceTree = "<group>";
		};
		CD980AD51CC3BAA8001E6BD1 /* ClearTableViewCell */ = {
			isa = PBXGroup;
			children = (
				CD980AD61CC3BAA8001E6BD1 /* AppDelegate.swift */,
				CD980B041CC3C070001E6BD1 /* ClearTableViewController.swift */,
				CD980B061CC3C14F001E6BD1 /* TableViewCell.swift */,
				CD980ADA1CC3BAA8001E6BD1 /* Main.storyboard */,
				CD980ADD1CC3BAA8001E6BD1 /* Assets.xcassets */,
				CD980ADF1CC3BAA8001E6BD1 /* LaunchScreen.storyboard */,
				CD980AE21CC3BAA8001E6BD1 /* Info.plist */,
			);
			path = ClearTableViewCell;
			sourceTree = "<group>";
		};
		CD980AEA1CC3BAA8001E6BD1 /* ClearTableViewCellTests */ = {
			isa = PBXGroup;
			children = (
				CD980AEB1CC3BAA8001E6BD1 /* ClearTableViewCellTests.swift */,
				CD980AED1CC3BAA8001E6BD1 /* Info.plist */,
			);
			path = ClearTableViewCellTests;
			sourceTree = "<group>";
		};
		CD980AF51CC3BAA8001E6BD1 /* ClearTableViewCellUITests */ = {
			isa = PBXGroup;
			children = (
				CD980AF61CC3BAA8001E6BD1 /* ClearTableViewCellUITests.swift */,
				CD980AF81CC3BAA8001E6BD1 /* Info.plist */,
			);
			path = ClearTableViewCellUITests;
			sourceTree = "<group>";
		};
/* End PBXGroup section */

/* Begin PBXNativeTarget section */
		CD980AD21CC3BAA8001E6BD1 /* ClearTableViewCell */ = {
			isa = PBXNativeTarget;
			buildConfigurationList = CD980AFB1CC3BAA8001E6BD1 /* Build configuration list for PBXNativeTarget "ClearTableViewCell" */;
			buildPhases = (
				CD980ACF1CC3BAA8001E6BD1 /* Sources */,
				CD980AD01CC3BAA8001E6BD1 /* Frameworks */,
				CD980AD11CC3BAA8001E6BD1 /* Resources */,
			);
			buildRules = (
			);
			dependencies = (
			);
			name = ClearTableViewCell;
			productName = ClearTableViewCell;
			productReference = CD980AD31CC3BAA8001E6BD1 /* ClearTableViewCell.app */;
			productType = "com.apple.product-type.application";
		};
		CD980AE61CC3BAA8001E6BD1 /* ClearTableViewCellTests */ = {
			isa = PBXNativeTarget;
			buildConfigurationList = CD980AFE1CC3BAA8001E6BD1 /* Build configuration list for PBXNativeTarget "ClearTableViewCellTests" */;
			buildPhases = (
				CD980AE31CC3BAA8001E6BD1 /* Sources */,
				CD980AE41CC3BAA8001E6BD1 /* Frameworks */,
				CD980AE51CC3BAA8001E6BD1 /* Resources */,
			);
			buildRules = (
			);
			dependencies = (
				CD980AE91CC3BAA8001E6BD1 /* PBXTargetDependency */,
			);
			name = ClearTableViewCellTests;
			productName = ClearTableViewCellTests;
			productReference = CD980AE71CC3BAA8001E6BD1 /* ClearTableViewCellTests.xctest */;
			productType = "com.apple.product-type.bundle.unit-test";
		};
		CD980AF11CC3BAA8001E6BD1 /* ClearTableViewCellUITests */ = {
			isa = PBXNativeTarget;
			buildConfigurationList = CD980B011CC3BAA8001E6BD1 /* Build configuration list for PBXNativeTarget "ClearTableViewCellUITests" */;
			buildPhases = (
				CD980AEE1CC3BAA8001E6BD1 /* Sources */,
				CD980AEF1CC3BAA8001E6BD1 /* Frameworks */,
				CD980AF01CC3BAA8001E6BD1 /* Resources */,
			);
			buildRules = (
			);
			dependencies = (
				CD980AF41CC3BAA8001E6BD1 /* PBXTargetDependency */,
			);
			name = ClearTableViewCellUITests;
			productName = ClearTableViewCellUITests;
			productReference = CD980AF21CC3BAA8001E6BD1 /* ClearTableViewCellUITests.xctest */;
			productType = "com.apple.product-type.bundle.ui-testing";
		};
/* End PBXNativeTarget section */

/* Begin PBXProject section */
		CD980ACB1CC3BAA8001E6BD1 /* Project object */ = {
			isa = PBXProject;
			attributes = {
				LastSwiftUpdateCheck = 0720;
				LastUpgradeCheck = 0720;
				ORGANIZATIONNAME = CoderYLiu;
				TargetAttributes = {
					CD980AD21CC3BAA8001E6BD1 = {
						CreatedOnToolsVersion = 7.2;
						DevelopmentTeam = 342VP95RM8;
					};
					CD980AE61CC3BAA8001E6BD1 = {
						CreatedOnToolsVersion = 7.2;
						DevelopmentTeam = 342VP95RM8;
						TestTargetID = CD980AD21CC3BAA8001E6BD1;
					};
					CD980AF11CC3BAA8001E6BD1 = {
						CreatedOnToolsVersion = 7.2;
						DevelopmentTeam = 342VP95RM8;
						TestTargetID = CD980AD21CC3BAA8001E6BD1;
					};
				};
			};
			buildConfigurationList = CD980ACE1CC3BAA8001E6BD1 /* Build configuration list for PBXProject "ClearTableViewCell" */;
			compatibilityVersion = "Xcode 3.2";
			developmentRegion = English;
			hasScannedForEncodings = 0;
			knownRegions = (
				en,
				Base,
			);
			mainGroup = CD980ACA1CC3BAA8001E6BD1;
			productRefGroup = CD980AD41CC3BAA8001E6BD1 /* Products */;
			projectDirPath = "";
			projectRoot = "";
			targets = (
				CD980AD21CC3BAA8001E6BD1 /* ClearTableViewCell */,
				CD980AE61CC3BAA8001E6BD1 /* ClearTableViewCellTests */,
				CD980AF11CC3BAA8001E6BD1 /* ClearTableViewCellUITests */,
			);
		};
/* End PBXProject section */

/* Begin PBXResourcesBuildPhase section */
		CD980AD11CC3BAA8001E6BD1 /* Resources */ = {
			isa = PBXResourcesBuildPhase;
			buildActionMask = 2147483647;
			files = (
				CD980AE11CC3BAA8001E6BD1 /* LaunchScreen.storyboard in Resources */,
				CD980ADE1CC3BAA8001E6BD1 /* Assets.xcassets in Resources */,
				CD980ADC1CC3BAA8001E6BD1 /* Main.storyboard in Resources */,
			);
			runOnlyForDeploymentPostprocessing = 0;
		};
		CD980AE51CC3BAA8001E6BD1 /* Resources */ = {
			isa = PBXResourcesBuildPhase;
			buildActionMask = 2147483647;
			files = (
			);
			runOnlyForDeploymentPostprocessing = 0;
		};
		CD980AF01CC3BAA8001E6BD1 /* Resources */ = {
			isa = PBXResourcesBuildPhase;
			buildActionMask = 2147483647;
			files = (
			);
			runOnlyForDeploymentPostprocessing = 0;
		};
/* End PBXResourcesBuildPhase section */

/* Begin PBXSourcesBuildPhase section */
		CD980ACF1CC3BAA8001E6BD1 /* Sources */ = {
			isa = PBXSourcesBuildPhase;
			buildActionMask = 2147483647;
			files = (
				CD980B071CC3C14F001E6BD1 /* TableViewCell.swift in Sources */,
				CD980AD71CC3BAA8001E6BD1 /* AppDelegate.swift in Sources */,
				CD980B051CC3C070001E6BD1 /* ClearTableViewController.swift in Sources */,
			);
			runOnlyForDeploymentPostprocessing = 0;
		};
		CD980AE31CC3BAA8001E6BD1 /* Sources */ = {
			isa = PBXSourcesBuildPhase;
			buildActionMask = 2147483647;
			files = (
				CD980AEC1CC3BAA8001E6BD1 /* ClearTableViewCellTests.swift in Sources */,
			);
			runOnlyForDeploymentPostprocessing = 0;
		};
		CD980AEE1CC3BAA8001E6BD1 /* Sources */ = {
			isa = PBXSourcesBuildPhase;
			buildActionMask = 2147483647;
			files = (
				CD980AF71CC3BAA8001E6BD1 /* ClearTableViewCellUITests.swift in Sources */,
			);
			runOnlyForDeploymentPostprocessing = 0;
		};
/* End PBXSourcesBuildPhase section */

/* Begin PBXTargetDependency section */
		CD980AE91CC3BAA8001E6BD1 /* PBXTargetDependency */ = {
			isa = PBXTargetDependency;
			target = CD980AD21CC3BAA8001E6BD1 /* ClearTableViewCell */;
			targetProxy = CD980AE81CC3BAA8001E6BD1 /* PBXContainerItemProxy */;
		};
		CD980AF41CC3BAA8001E6BD1 /* PBXTargetDependency */ = {
			isa = PBXTargetDependency;
			target = CD980AD21CC3BAA8001E6BD1 /* ClearTableViewCell */;
			targetProxy = CD980AF31CC3BAA8001E6BD1 /* PBXContainerItemProxy */;
		};
/* End PBXTargetDependency section */

/* Begin PBXVariantGroup section */
		CD980ADA1CC3BAA8001E6BD1 /* Main.storyboard */ = {
			isa = PBXVariantGroup;
			children = (
				CD980ADB1CC3BAA8001E6BD1 /* Base */,
			);
			name = Main.storyboard;
			sourceTree = "<group>";
		};
		CD980ADF1CC3BAA8001E6BD1 /* LaunchScreen.storyboard */ = {
			isa = PBXVariantGroup;
			children = (
				CD980AE01CC3BAA8001E6BD1 /* Base */,
			);
			name = LaunchScreen.storyboard;
			sourceTree = "<group>";
		};
/* End PBXVariantGroup section */

/* Begin XCBuildConfiguration section */
		CD980AF91CC3BAA8001E6BD1 /* Debug */ = {
			isa = XCBuildConfiguration;
			buildSettings = {
				ALWAYS_SEARCH_USER_PATHS = NO;
				CLANG_CXX_LANGUAGE_STANDARD = "gnu++0x";
				CLANG_CXX_LIBRARY = "libc++";
				CLANG_ENABLE_MODULES = YES;
				CLANG_ENABLE_OBJC_ARC = YES;
				CLANG_WARN_BOOL_CONVERSION = YES;
				CLANG_WARN_CONSTANT_CONVERSION = YES;
				CLANG_WARN_DIRECT_OBJC_ISA_USAGE = YES_ERROR;
				CLANG_WARN_EMPTY_BODY = YES;
				CLANG_WARN_ENUM_CONVERSION = YES;
				CLANG_WARN_INT_CONVERSION = YES;
				CLANG_WARN_OBJC_ROOT_CLASS = YES_ERROR;
				CLANG_WARN_UNREACHABLE_CODE = YES;
				CLANG_WARN__DUPLICATE_METHOD_MATCH = YES;
				"CODE_SIGN_IDENTITY[sdk=iphoneos*]" = "iPhone Developer";
				COPY_PHASE_STRIP = NO;
				DEBUG_INFORMATION_FORMAT = dwarf;
				ENABLE_STRICT_OBJC_MSGSEND = YES;
				ENABLE_TESTABILITY = YES;
				GCC_C_LANGUAGE_STANDARD = gnu99;
				GCC_DYNAMIC_NO_PIC = NO;
				GCC_NO_COMMON_BLOCKS = YES;
				GCC_OPTIMIZATION_LEVEL = 0;
				GCC_PREPROCESSOR_DEFINITIONS = (
					"DEBUG=1",
					"$(inherited)",
				);
				GCC_WARN_64_TO_32_BIT_CONVERSION = YES;
				GCC_WARN_ABOUT_RETURN_TYPE = YES_ERROR;
				GCC_WARN_UNDECLARED_SELECTOR = YES;
				GCC_WARN_UNINITIALIZED_AUTOS = YES_AGGRESSIVE;
				GCC_WARN_UNUSED_FUNCTION = YES;
				GCC_WARN_UNUSED_VARIABLE = YES;
				IPHONEOS_DEPLOYMENT_TARGET = 9.2;
				MTL_ENABLE_DEBUG_INFO = YES;
				ONLY_ACTIVE_ARCH = YES;
				SDKROOT = iphoneos;
				SWIFT_OPTIMIZATION_LEVEL = "-Onone";
			};
			name = Debug;
		};
		CD980AFA1CC3BAA8001E6BD1 /* Release */ = {
			isa = XCBuildConfiguration;
			buildSettings = {
				ALWAYS_SEARCH_USER_PATHS = NO;
				CLANG_CXX_LANGUAGE_STANDARD = "gnu++0x";
				CLANG_CXX_LIBRARY = "libc++";
				CLANG_ENABLE_MODULES = YES;
				CLANG_ENABLE_OBJC_ARC = YES;
				CLANG_WARN_BOOL_CONVERSION = YES;
				CLANG_WARN_CONSTANT_CONVERSION = YES;
				CLANG_WARN_DIRECT_OBJC_ISA_USAGE = YES_ERROR;
				CLANG_WARN_EMPTY_BODY = YES;
				CLANG_WARN_ENUM_CONVERSION = YES;
				CLANG_WARN_INT_CONVERSION = YES;
				CLANG_WARN_OBJC_ROOT_CLASS = YES_ERROR;
				CLANG_WARN_UNREACHABLE_CODE = YES;
				CLANG_WARN__DUPLICATE_METHOD_MATCH = YES;
				"CODE_SIGN_IDENTITY[sdk=iphoneos*]" = "iPhone Developer";
				COPY_PHASE_STRIP = NO;
				DEBUG_INFORMATION_FORMAT = "dwarf-with-dsym";
				ENABLE_NS_ASSERTIONS = NO;
				ENABLE_STRICT_OBJC_MSGSEND = YES;
				GCC_C_LANGUAGE_STANDARD = gnu99;
				GCC_NO_COMMON_BLOCKS = YES;
				GCC_WARN_64_TO_32_BIT_CONVERSION = YES;
				GCC_WARN_ABOUT_RETURN_TYPE = YES_ERROR;
				GCC_WARN_UNDECLARED_SELECTOR = YES;
				GCC_WARN_UNINITIALIZED_AUTOS = YES_AGGRESSIVE;
				GCC_WARN_UNUSED_FUNCTION = YES;
				GCC_WARN_UNUSED_VARIABLE = YES;
				IPHONEOS_DEPLOYMENT_TARGET = 9.2;
				MTL_ENABLE_DEBUG_INFO = NO;
				SDKROOT = iphoneos;
				VALIDATE_PRODUCT = YES;
			};
			name = Release;
		};
		CD980AFC1CC3BAA8001E6BD1 /* Debug */ = {
			isa = XCBuildConfiguration;
			buildSettings = {
				ASSETCATALOG_COMPILER_APPICON_NAME = AppIcon;
				INFOPLIST_FILE = ClearTableViewCell/Info.plist;
				LD_RUNPATH_SEARCH_PATHS = "$(inherited) @executable_path/Frameworks";
				PRODUCT_BUNDLE_IDENTIFIER = com.coderly.ClearTableViewCell;
				PRODUCT_NAME = "$(TARGET_NAME)";
			};
			name = Debug;
		};
		CD980AFD1CC3BAA8001E6BD1 /* Release */ = {
			isa = XCBuildConfiguration;
			buildSettings = {
				ASSETCATALOG_COMPILER_APPICON_NAME = AppIcon;
				INFOPLIST_FILE = ClearTableViewCell/Info.plist;
				LD_RUNPATH_SEARCH_PATHS = "$(inherited) @executable_path/Frameworks";
				PRODUCT_BUNDLE_IDENTIFIER = com.coderly.ClearTableViewCell;
				PRODUCT_NAME = "$(TARGET_NAME)";
			};
			name = Release;
		};
		CD980AFF1CC3BAA8001E6BD1 /* Debug */ = {
			isa = XCBuildConfiguration;
			buildSettings = {
				BUNDLE_LOADER = "$(TEST_HOST)";
				INFOPLIST_FILE = ClearTableViewCellTests/Info.plist;
				LD_RUNPATH_SEARCH_PATHS = "$(inherited) @executable_path/Frameworks @loader_path/Frameworks";
				PRODUCT_BUNDLE_IDENTIFIER = com.coderly.ClearTableViewCellTests;
				PRODUCT_NAME = "$(TARGET_NAME)";
				TEST_HOST = "$(BUILT_PRODUCTS_DIR)/ClearTableViewCell.app/ClearTableViewCell";
			};
			name = Debug;
		};
		CD980B001CC3BAA8001E6BD1 /* Release */ = {
			isa = XCBuildConfiguration;
			buildSettings = {
				BUNDLE_LOADER = "$(TEST_HOST)";
				INFOPLIST_FILE = ClearTableViewCellTests/Info.plist;
				LD_RUNPATH_SEARCH_PATHS = "$(inherited) @executable_path/Frameworks @loader_path/Frameworks";
				PRODUCT_BUNDLE_IDENTIFIER = com.coderly.ClearTableViewCellTests;
				PRODUCT_NAME = "$(TARGET_NAME)";
				TEST_HOST = "$(BUILT_PRODUCTS_DIR)/ClearTableViewCell.app/ClearTableViewCell";
			};
			name = Release;
		};
		CD980B021CC3BAA8001E6BD1 /* Debug */ = {
			isa = XCBuildConfiguration;
			buildSettings = {
				INFOPLIST_FILE = ClearTableViewCellUITests/Info.plist;
				LD_RUNPATH_SEARCH_PATHS = "$(inherited) @executable_path/Frameworks @loader_path/Frameworks";
				PRODUCT_BUNDLE_IDENTIFIER = com.coderly.ClearTableViewCellUITests;
				PRODUCT_NAME = "$(TARGET_NAME)";
				TEST_TARGET_NAME = ClearTableViewCell;
				USES_XCTRUNNER = YES;
			};
			name = Debug;
		};
		CD980B031CC3BAA8001E6BD1 /* Release */ = {
			isa = XCBuildConfiguration;
			buildSettings = {
				INFOPLIST_FILE = ClearTableViewCellUITests/Info.plist;
				LD_RUNPATH_SEARCH_PATHS = "$(inherited) @executable_path/Frameworks @loader_path/Frameworks";
				PRODUCT_BUNDLE_IDENTIFIER = com.coderly.ClearTableViewCellUITests;
				PRODUCT_NAME = "$(TARGET_NAME)";
				TEST_TARGET_NAME = ClearTableViewCell;
				USES_XCTRUNNER = YES;
			};
			name = Release;
		};
/* End XCBuildConfiguration section */

/* Begin XCConfigurationList section */
		CD980ACE1CC3BAA8001E6BD1 /* Build configuration list for PBXProject "ClearTableViewCell" */ = {
			isa = XCConfigurationList;
			buildConfigurations = (
				CD980AF91CC3BAA8001E6BD1 /* Debug */,
				CD980AFA1CC3BAA8001E6BD1 /* Release */,
			);
			defaultConfigurationIsVisible = 0;
			defaultConfigurationName = Release;
		};
		CD980AFB1CC3BAA8001E6BD1 /* Build configuration list for PBXNativeTarget "ClearTableViewCell" */ = {
			isa = XCConfigurationList;
			buildConfigurations = (
				CD980AFC1CC3BAA8001E6BD1 /* Debug */,
				CD980AFD1CC3BAA8001E6BD1 /* Release */,
			);
			defaultConfigurationIsVisible = 0;
			defaultConfigurationName = Release;
		};
		CD980AFE1CC3BAA8001E6BD1 /* Build configuration list for PBXNativeTarget "ClearTableViewCellTests" */ = {
			isa = XCConfigurationList;
			buildConfigurations = (
				CD980AFF1CC3BAA8001E6BD1 /* Debug */,
				CD980B001CC3BAA8001E6BD1 /* Release */,
			);
			defaultConfigurationIsVisible = 0;
			defaultConfigurationName = Release;
		};
		CD980B011CC3BAA8001E6BD1 /* Build configuration list for PBXNativeTarget "ClearTableViewCellUITests" */ = {
			isa = XCConfigurationList;
			buildConfigurations = (
				CD980B021CC3BAA8001E6BD1 /* Debug */,
				CD980B031CC3BAA8001E6BD1 /* Release */,
			);
			defaultConfigurationIsVisible = 0;
			defaultConfigurationName = Release;
		};
/* End XCConfigurationList section */
	};
	rootObject = CD980ACB1CC3BAA8001E6BD1 /* Project object */;
}
